
Microsoft Visual Studio Solution File, Format Version 12.00
# Visual Studio Version 17
VisualStudioVersion = 17.11.35327.3
MinimumVisualStudioVersion = 10.0.40219.1
Project("{FAE04EC0-301F-11D3-BF4B-00C04F79EFBC}") = "PractiseDelegates_Program", "PractiseDelegates_Program\PractiseDelegates_Program.csproj", "{83F5DCAE-5756-403B-85C6-D8D7BAC824EA}"
EndProject
Project("{FAE04EC0-301F-11D3-BF4B-00C04F79EFBC}") = "Demo_using_nonStatic", "Demo_using_nonStatic\Demo_using_nonStatic.csproj", "{0F562F76-AFCF-4574-82C5-8E571897BCE3}"
EndProject
Project("{FAE04EC0-301F-11D3-BF4B-00C04F79EFBC}") = "Basic_Delegate_Ex", "Basic_Delegate_Ex\Basic_Delegate_Ex.csproj", "{5B081F2C-2D35-42AC-90FE-94C1720D5107}"
EndProject
Project("{FAE04EC0-301F-11D3-BF4B-00C04F79EFBC}") = "Delegates_using_static_non_static", "Delegates_using_static_non_static\Delegates_using_static_non_static.csproj", "{7033F913-D004-4B54-BFD5-A2F19439C730}"
EndProject
Project("{FAE04EC0-301F-11D3-BF4B-00C04F79EFBC}") = "MultiCastDelegate", "MultiCastDelegate\MultiCastDelegate.csproj", "{CBD57F31-7F8A-4B4D-99BB-499DA3236228}"
EndProject
Project("{FAE04EC0-301F-11D3-BF4B-00C04F79EFBC}") = "Another_Ex_Multicast", "Another_Ex_Multicast\Another_Ex_Multicast.csproj", "{EE49357B-EB7F-4FF3-A5D0-AD7A1A99CB60}"
EndProject
Project("{FAE04EC0-301F-11D3-BF4B-00C04F79EFBC}") = "ExLambda", "ExLambda\ExLambda.csproj", "{70BF3C46-D4F6-4D5B-A09A-E5F177756E2F}"
EndProject
Project("{FAE04EC0-301F-11D3-BF4B-00C04F79EFBC}") = "Multithreading_Ex", "Multithreading_Ex\Multithreading_Ex.csproj", "{1A4274D1-1193-4E0C-AFC4-15372C8623C9}"
EndProject
Project("{FAE04EC0-301F-11D3-BF4B-00C04F79EFBC}") = "Synchronous_Func", "Synchronous_Func\Synchronous_Func.csproj", "{BC51A206-3C1F-4D09-BAD1-0254AE3512DA}"
EndProject
Project("{FAE04EC0-301F-11D3-BF4B-00C04F79EFBC}") = "AnonymousMethod_Ex", "AnonymousMethod_Ex\AnonymousMethod_Ex.csproj", "{C2FDED0E-76AD-4D1D-A153-F35A1F0375D4}"
EndProject
Project("{FAE04EC0-301F-11D3-BF4B-00C04F79EFBC}") = "AnonymousMethod_Ex1", "AnonymousMethod_Ex1\AnonymousMethod_Ex1.csproj", "{E28077DA-C703-4B92-923E-8DE7609E386D}"
EndProject
Project("{FAE04EC0-301F-11D3-BF4B-00C04F79EFBC}") = "Exception_Handling", "Exception_Handling\Exception_Handling.csproj", "{3A9CF3A7-3C5D-4E8A-BAE3-18C1EEE9F3B5}"
EndProject
Project("{FAE04EC0-301F-11D3-BF4B-00C04F79EFBC}") = "Method_Overriding", "Method_Overriding\Method_Overriding.csproj", "{6C9CDA2C-C1CC-4829-B90F-0A4F2D89A542}"
EndProject
Project("{FAE04EC0-301F-11D3-BF4B-00C04F79EFBC}") = "Compile_Time_Polymorphism", "Compile_Time_Polymorphism\Compile_Time_Polymorphism.csproj", "{BE8C4051-C674-4840-9681-2F0147B8A68D}"
EndProject
Project("{FAE04EC0-301F-11D3-BF4B-00C04F79EFBC}") = "Runtime_Polymorphism", "Runtime_Polymorphism\Runtime_Polymorphism.csproj", "{D3924D33-D26F-4F62-A146-745461045C54}"
EndProject
Project("{FAE04EC0-301F-11D3-BF4B-00C04F79EFBC}") = "Demo_Encapsulation", "Demo_Encapsulation\Demo_Encapsulation.csproj", "{30C57F9F-E780-46B8-9716-4BE05322A19A}"
EndProject
Project("{FAE04EC0-301F-11D3-BF4B-00C04F79EFBC}") = "Enacapsulation_Ex", "Enacapsulation_Ex\Enacapsulation_Ex.csproj", "{B20DFAB0-24B0-4115-B5EE-73C6255BCE50}"
EndProject
Project("{FAE04EC0-301F-11D3-BF4B-00C04F79EFBC}") = "Abstraction_Ex", "Abstraction_Ex\Abstraction_Ex.csproj", "{6AEAA91E-3DFA-4730-B9AD-C7CAE8F1F612}"
EndProject
Project("{FAE04EC0-301F-11D3-BF4B-00C04F79EFBC}") = "Demo_Inheritance", "Demo_Inheritance\Demo_Inheritance.csproj", "{3DA7B348-0692-42D5-A3E5-62FB5427EF64}"
EndProject
Project("{FAE04EC0-301F-11D3-BF4B-00C04F79EFBC}") = "Boxing_Ex", "Boxing_Ex\Boxing_Ex.csproj", "{E877A1C5-600D-4EA4-A42B-99C11B4E23D4}"
EndProject
Project("{FAE04EC0-301F-11D3-BF4B-00C04F79EFBC}") = "Unboxing", "Unboxing\Unboxing.csproj", "{1643D3C6-CD8A-4D36-A560-5B54805FE9AA}"
EndProject
Project("{FAE04EC0-301F-11D3-BF4B-00C04F79EFBC}") = "Implicit_Typecasting", "Implicit_Typecasting\Implicit_Typecasting.csproj", "{E3AAB567-F3FD-487C-8E42-48FDDB101F0E}"
EndProject
Project("{FAE04EC0-301F-11D3-BF4B-00C04F79EFBC}") = "Explicit_Typecasting", "Explicit_Typecasting\Explicit_Typecasting.csproj", "{24AF3883-BF68-4A12-851D-8DF48001F140}"
EndProject
Global
	GlobalSection(SolutionConfigurationPlatforms) = preSolution
		Debug|Any CPU = Debug|Any CPU
		Release|Any CPU = Release|Any CPU
	EndGlobalSection
	GlobalSection(ProjectConfigurationPlatforms) = postSolution
		{83F5DCAE-5756-403B-85C6-D8D7BAC824EA}.Debug|Any CPU.ActiveCfg = Debug|Any CPU
		{83F5DCAE-5756-403B-85C6-D8D7BAC824EA}.Debug|Any CPU.Build.0 = Debug|Any CPU
		{83F5DCAE-5756-403B-85C6-D8D7BAC824EA}.Release|Any CPU.ActiveCfg = Release|Any CPU
		{83F5DCAE-5756-403B-85C6-D8D7BAC824EA}.Release|Any CPU.Build.0 = Release|Any CPU
		{0F562F76-AFCF-4574-82C5-8E571897BCE3}.Debug|Any CPU.ActiveCfg = Debug|Any CPU
		{0F562F76-AFCF-4574-82C5-8E571897BCE3}.Debug|Any CPU.Build.0 = Debug|Any CPU
		{0F562F76-AFCF-4574-82C5-8E571897BCE3}.Release|Any CPU.ActiveCfg = Release|Any CPU
		{0F562F76-AFCF-4574-82C5-8E571897BCE3}.Release|Any CPU.Build.0 = Release|Any CPU
		{5B081F2C-2D35-42AC-90FE-94C1720D5107}.Debug|Any CPU.ActiveCfg = Debug|Any CPU
		{5B081F2C-2D35-42AC-90FE-94C1720D5107}.Debug|Any CPU.Build.0 = Debug|Any CPU
		{5B081F2C-2D35-42AC-90FE-94C1720D5107}.Release|Any CPU.ActiveCfg = Release|Any CPU
		{5B081F2C-2D35-42AC-90FE-94C1720D5107}.Release|Any CPU.Build.0 = Release|Any CPU
		{7033F913-D004-4B54-BFD5-A2F19439C730}.Debug|Any CPU.ActiveCfg = Debug|Any CPU
		{7033F913-D004-4B54-BFD5-A2F19439C730}.Debug|Any CPU.Build.0 = Debug|Any CPU
		{7033F913-D004-4B54-BFD5-A2F19439C730}.Release|Any CPU.ActiveCfg = Release|Any CPU
		{7033F913-D004-4B54-BFD5-A2F19439C730}.Release|Any CPU.Build.0 = Release|Any CPU
		{CBD57F31-7F8A-4B4D-99BB-499DA3236228}.Debug|Any CPU.ActiveCfg = Debug|Any CPU
		{CBD57F31-7F8A-4B4D-99BB-499DA3236228}.Debug|Any CPU.Build.0 = Debug|Any CPU
		{CBD57F31-7F8A-4B4D-99BB-499DA3236228}.Release|Any CPU.ActiveCfg = Release|Any CPU
		{CBD57F31-7F8A-4B4D-99BB-499DA3236228}.Release|Any CPU.Build.0 = Release|Any CPU
		{EE49357B-EB7F-4FF3-A5D0-AD7A1A99CB60}.Debug|Any CPU.ActiveCfg = Debug|Any CPU
		{EE49357B-EB7F-4FF3-A5D0-AD7A1A99CB60}.Debug|Any CPU.Build.0 = Debug|Any CPU
		{EE49357B-EB7F-4FF3-A5D0-AD7A1A99CB60}.Release|Any CPU.ActiveCfg = Release|Any CPU
		{EE49357B-EB7F-4FF3-A5D0-AD7A1A99CB60}.Release|Any CPU.Build.0 = Release|Any CPU
		{70BF3C46-D4F6-4D5B-A09A-E5F177756E2F}.Debug|Any CPU.ActiveCfg = Debug|Any CPU
		{70BF3C46-D4F6-4D5B-A09A-E5F177756E2F}.Debug|Any CPU.Build.0 = Debug|Any CPU
		{70BF3C46-D4F6-4D5B-A09A-E5F177756E2F}.Release|Any CPU.ActiveCfg = Release|Any CPU
		{70BF3C46-D4F6-4D5B-A09A-E5F177756E2F}.Release|Any CPU.Build.0 = Release|Any CPU
		{1A4274D1-1193-4E0C-AFC4-15372C8623C9}.Debug|Any CPU.ActiveCfg = Debug|Any CPU
		{1A4274D1-1193-4E0C-AFC4-15372C8623C9}.Debug|Any CPU.Build.0 = Debug|Any CPU
		{1A4274D1-1193-4E0C-AFC4-15372C8623C9}.Release|Any CPU.ActiveCfg = Release|Any CPU
		{1A4274D1-1193-4E0C-AFC4-15372C8623C9}.Release|Any CPU.Build.0 = Release|Any CPU
		{BC51A206-3C1F-4D09-BAD1-0254AE3512DA}.Debug|Any CPU.ActiveCfg = Debug|Any CPU
		{BC51A206-3C1F-4D09-BAD1-0254AE3512DA}.Debug|Any CPU.Build.0 = Debug|Any CPU
		{BC51A206-3C1F-4D09-BAD1-0254AE3512DA}.Release|Any CPU.ActiveCfg = Release|Any CPU
		{BC51A206-3C1F-4D09-BAD1-0254AE3512DA}.Release|Any CPU.Build.0 = Release|Any CPU
		{C2FDED0E-76AD-4D1D-A153-F35A1F0375D4}.Debug|Any CPU.ActiveCfg = Debug|Any CPU
		{C2FDED0E-76AD-4D1D-A153-F35A1F0375D4}.Debug|Any CPU.Build.0 = Debug|Any CPU
		{C2FDED0E-76AD-4D1D-A153-F35A1F0375D4}.Release|Any CPU.ActiveCfg = Release|Any CPU
		{C2FDED0E-76AD-4D1D-A153-F35A1F0375D4}.Release|Any CPU.Build.0 = Release|Any CPU
		{E28077DA-C703-4B92-923E-8DE7609E386D}.Debug|Any CPU.ActiveCfg = Debug|Any CPU
		{E28077DA-C703-4B92-923E-8DE7609E386D}.Debug|Any CPU.Build.0 = Debug|Any CPU
		{E28077DA-C703-4B92-923E-8DE7609E386D}.Release|Any CPU.ActiveCfg = Release|Any CPU
		{E28077DA-C703-4B92-923E-8DE7609E386D}.Release|Any CPU.Build.0 = Release|Any CPU
		{3A9CF3A7-3C5D-4E8A-BAE3-18C1EEE9F3B5}.Debug|Any CPU.ActiveCfg = Debug|Any CPU
		{3A9CF3A7-3C5D-4E8A-BAE3-18C1EEE9F3B5}.Debug|Any CPU.Build.0 = Debug|Any CPU
		{3A9CF3A7-3C5D-4E8A-BAE3-18C1EEE9F3B5}.Release|Any CPU.ActiveCfg = Release|Any CPU
		{3A9CF3A7-3C5D-4E8A-BAE3-18C1EEE9F3B5}.Release|Any CPU.Build.0 = Release|Any CPU
		{6C9CDA2C-C1CC-4829-B90F-0A4F2D89A542}.Debug|Any CPU.ActiveCfg = Debug|Any CPU
		{6C9CDA2C-C1CC-4829-B90F-0A4F2D89A542}.Debug|Any CPU.Build.0 = Debug|Any CPU
		{6C9CDA2C-C1CC-4829-B90F-0A4F2D89A542}.Release|Any CPU.ActiveCfg = Release|Any CPU
		{6C9CDA2C-C1CC-4829-B90F-0A4F2D89A542}.Release|Any CPU.Build.0 = Release|Any CPU
		{BE8C4051-C674-4840-9681-2F0147B8A68D}.Debug|Any CPU.ActiveCfg = Debug|Any CPU
		{BE8C4051-C674-4840-9681-2F0147B8A68D}.Debug|Any CPU.Build.0 = Debug|Any CPU
		{BE8C4051-C674-4840-9681-2F0147B8A68D}.Release|Any CPU.ActiveCfg = Release|Any CPU
		{BE8C4051-C674-4840-9681-2F0147B8A68D}.Release|Any CPU.Build.0 = Release|Any CPU
		{D3924D33-D26F-4F62-A146-745461045C54}.Debug|Any CPU.ActiveCfg = Debug|Any CPU
		{D3924D33-D26F-4F62-A146-745461045C54}.Debug|Any CPU.Build.0 = Debug|Any CPU
		{D3924D33-D26F-4F62-A146-745461045C54}.Release|Any CPU.ActiveCfg = Release|Any CPU
		{D3924D33-D26F-4F62-A146-745461045C54}.Release|Any CPU.Build.0 = Release|Any CPU
		{30C57F9F-E780-46B8-9716-4BE05322A19A}.Debug|Any CPU.ActiveCfg = Debug|Any CPU
		{30C57F9F-E780-46B8-9716-4BE05322A19A}.Debug|Any CPU.Build.0 = Debug|Any CPU
		{30C57F9F-E780-46B8-9716-4BE05322A19A}.Release|Any CPU.ActiveCfg = Release|Any CPU
		{30C57F9F-E780-46B8-9716-4BE05322A19A}.Release|Any CPU.Build.0 = Release|Any CPU
		{B20DFAB0-24B0-4115-B5EE-73C6255BCE50}.Debug|Any CPU.ActiveCfg = Debug|Any CPU
		{B20DFAB0-24B0-4115-B5EE-73C6255BCE50}.Debug|Any CPU.Build.0 = Debug|Any CPU
		{B20DFAB0-24B0-4115-B5EE-73C6255BCE50}.Release|Any CPU.ActiveCfg = Release|Any CPU
		{B20DFAB0-24B0-4115-B5EE-73C6255BCE50}.Release|Any CPU.Build.0 = Release|Any CPU
		{6AEAA91E-3DFA-4730-B9AD-C7CAE8F1F612}.Debug|Any CPU.ActiveCfg = Debug|Any CPU
		{6AEAA91E-3DFA-4730-B9AD-C7CAE8F1F612}.Debug|Any CPU.Build.0 = Debug|Any CPU
		{6AEAA91E-3DFA-4730-B9AD-C7CAE8F1F612}.Release|Any CPU.ActiveCfg = Release|Any CPU
		{6AEAA91E-3DFA-4730-B9AD-C7CAE8F1F612}.Release|Any CPU.Build.0 = Release|Any CPU
		{3DA7B348-0692-42D5-A3E5-62FB5427EF64}.Debug|Any CPU.ActiveCfg = Debug|Any CPU
		{3DA7B348-0692-42D5-A3E5-62FB5427EF64}.Debug|Any CPU.Build.0 = Debug|Any CPU
		{3DA7B348-0692-42D5-A3E5-62FB5427EF64}.Release|Any CPU.ActiveCfg = Release|Any CPU
		{3DA7B348-0692-42D5-A3E5-62FB5427EF64}.Release|Any CPU.Build.0 = Release|Any CPU
		{E877A1C5-600D-4EA4-A42B-99C11B4E23D4}.Debug|Any CPU.ActiveCfg = Debug|Any CPU
		{E877A1C5-600D-4EA4-A42B-99C11B4E23D4}.Debug|Any CPU.Build.0 = Debug|Any CPU
		{E877A1C5-600D-4EA4-A42B-99C11B4E23D4}.Release|Any CPU.ActiveCfg = Release|Any CPU
		{E877A1C5-600D-4EA4-A42B-99C11B4E23D4}.Release|Any CPU.Build.0 = Release|Any CPU
		{1643D3C6-CD8A-4D36-A560-5B54805FE9AA}.Debug|Any CPU.ActiveCfg = Debug|Any CPU
		{1643D3C6-CD8A-4D36-A560-5B54805FE9AA}.Debug|Any CPU.Build.0 = Debug|Any CPU
		{1643D3C6-CD8A-4D36-A560-5B54805FE9AA}.Release|Any CPU.ActiveCfg = Release|Any CPU
		{1643D3C6-CD8A-4D36-A560-5B54805FE9AA}.Release|Any CPU.Build.0 = Release|Any CPU
		{E3AAB567-F3FD-487C-8E42-48FDDB101F0E}.Debug|Any CPU.ActiveCfg = Debug|Any CPU
		{E3AAB567-F3FD-487C-8E42-48FDDB101F0E}.Debug|Any CPU.Build.0 = Debug|Any CPU
		{E3AAB567-F3FD-487C-8E42-48FDDB101F0E}.Release|Any CPU.ActiveCfg = Release|Any CPU
		{E3AAB567-F3FD-487C-8E42-48FDDB101F0E}.Release|Any CPU.Build.0 = Release|Any CPU
		{24AF3883-BF68-4A12-851D-8DF48001F140}.Debug|Any CPU.ActiveCfg = Debug|Any CPU
		{24AF3883-BF68-4A12-851D-8DF48001F140}.Debug|Any CPU.Build.0 = Debug|Any CPU
		{24AF3883-BF68-4A12-851D-8DF48001F140}.Release|Any CPU.ActiveCfg = Release|Any CPU
		{24AF3883-BF68-4A12-851D-8DF48001F140}.Release|Any CPU.Build.0 = Release|Any CPU
	EndGlobalSection
	GlobalSection(SolutionProperties) = preSolution
		HideSolutionNode = FALSE
	EndGlobalSection
	GlobalSection(ExtensibilityGlobals) = postSolution
		SolutionGuid = {6284A6FB-13EB-46E8-9EBE-1F7A5252668C}
	EndGlobalSection
EndGlobal
