
Microsoft Visual Studio Solution File, Format Version 12.00
# Visual Studio Version 17
VisualStudioVersion = 17.11.35327.3
MinimumVisualStudioVersion = 10.0.40219.1
Project("{FAE04EC0-301F-11D3-BF4B-00C04F79EFBC}") = "UserLoginAPI", "UserLoginAPI\UserLoginAPI.csproj", "{AA529F75-01EF-4CE7-A0AD-50F68CDE3611}"
EndProject
Project("{FAE04EC0-301F-11D3-BF4B-00C04F79EFBC}") = "DataAccessLayer", "DataAccessLayer\DataAccessLayer.csproj", "{5B56FE4E-B9AD-496A-9D55-CB7C4B613BFE}"
EndProject
Project("{FAE04EC0-301F-11D3-BF4B-00C04F79EFBC}") = "Interfaces", "Interfaces\Interfaces.csproj", "{B96C8080-EC77-49FF-8F84-E554294FF023}"
EndProject
Project("{FAE04EC0-301F-11D3-BF4B-00C04F79EFBC}") = "Models", "Models\Models.csproj", "{C4F54FAD-1971-4830-8E6F-7E77FDB70808}"
EndProject
Project("{FAE04EC0-301F-11D3-BF4B-00C04F79EFBC}") = "Services", "Services\Services.csproj", "{17B9D25F-0876-419A-ACBA-55E9171E83B9}"
EndProject
Global
	GlobalSection(SolutionConfigurationPlatforms) = preSolution
		Debug|Any CPU = Debug|Any CPU
		Release|Any CPU = Release|Any CPU
	EndGlobalSection
	GlobalSection(ProjectConfigurationPlatforms) = postSolution
		{AA529F75-01EF-4CE7-A0AD-50F68CDE3611}.Debug|Any CPU.ActiveCfg = Debug|Any CPU
		{AA529F75-01EF-4CE7-A0AD-50F68CDE3611}.Debug|Any CPU.Build.0 = Debug|Any CPU
		{AA529F75-01EF-4CE7-A0AD-50F68CDE3611}.Release|Any CPU.ActiveCfg = Release|Any CPU
		{AA529F75-01EF-4CE7-A0AD-50F68CDE3611}.Release|Any CPU.Build.0 = Release|Any CPU
		{5B56FE4E-B9AD-496A-9D55-CB7C4B613BFE}.Debug|Any CPU.ActiveCfg = Debug|Any CPU
		{5B56FE4E-B9AD-496A-9D55-CB7C4B613BFE}.Debug|Any CPU.Build.0 = Debug|Any CPU
		{5B56FE4E-B9AD-496A-9D55-CB7C4B613BFE}.Release|Any CPU.ActiveCfg = Release|Any CPU
		{5B56FE4E-B9AD-496A-9D55-CB7C4B613BFE}.Release|Any CPU.Build.0 = Release|Any CPU
		{B96C8080-EC77-49FF-8F84-E554294FF023}.Debug|Any CPU.ActiveCfg = Debug|Any CPU
		{B96C8080-EC77-49FF-8F84-E554294FF023}.Debug|Any CPU.Build.0 = Debug|Any CPU
		{B96C8080-EC77-49FF-8F84-E554294FF023}.Release|Any CPU.ActiveCfg = Release|Any CPU
		{B96C8080-EC77-49FF-8F84-E554294FF023}.Release|Any CPU.Build.0 = Release|Any CPU
		{C4F54FAD-1971-4830-8E6F-7E77FDB70808}.Debug|Any CPU.ActiveCfg = Debug|Any CPU
		{C4F54FAD-1971-4830-8E6F-7E77FDB70808}.Debug|Any CPU.Build.0 = Debug|Any CPU
		{C4F54FAD-1971-4830-8E6F-7E77FDB70808}.Release|Any CPU.ActiveCfg = Release|Any CPU
		{C4F54FAD-1971-4830-8E6F-7E77FDB70808}.Release|Any CPU.Build.0 = Release|Any CPU
		{17B9D25F-0876-419A-ACBA-55E9171E83B9}.Debug|Any CPU.ActiveCfg = Debug|Any CPU
		{17B9D25F-0876-419A-ACBA-55E9171E83B9}.Debug|Any CPU.Build.0 = Debug|Any CPU
		{17B9D25F-0876-419A-ACBA-55E9171E83B9}.Release|Any CPU.ActiveCfg = Release|Any CPU
		{17B9D25F-0876-419A-ACBA-55E9171E83B9}.Release|Any CPU.Build.0 = Release|Any CPU
	EndGlobalSection
	GlobalSection(SolutionProperties) = preSolution
		HideSolutionNode = FALSE
	EndGlobalSection
	GlobalSection(ExtensibilityGlobals) = postSolution
		SolutionGuid = {5756F517-A6E2-4DFC-B10D-1003FF917215}
	EndGlobalSection
EndGlobal
