
Microsoft Visual Studio Solution File, Format Version 12.00
# Visual Studio Version 17
VisualStudioVersion = 17.11.35327.3
MinimumVisualStudioVersion = 10.0.40219.1
Project("{FAE04EC0-301F-11D3-BF4B-00C04F79EFBC}") = "DemoExample_API", "DemoExample_API\DemoExample_API.csproj", "{194D99C5-7792-4425-906B-17DD8E2EE797}"
EndProject
Global
	GlobalSection(SolutionConfigurationPlatforms) = preSolution
		Debug|Any CPU = Debug|Any CPU
		Release|Any CPU = Release|Any CPU
	EndGlobalSection
	GlobalSection(ProjectConfigurationPlatforms) = postSolution
		{194D99C5-7792-4425-906B-17DD8E2EE797}.Debug|Any CPU.ActiveCfg = Debug|Any CPU
		{194D99C5-7792-4425-906B-17DD8E2EE797}.Debug|Any CPU.Build.0 = Debug|Any CPU
		{194D99C5-7792-4425-906B-17DD8E2EE797}.Release|Any CPU.ActiveCfg = Release|Any CPU
		{194D99C5-7792-4425-906B-17DD8E2EE797}.Release|Any CPU.Build.0 = Release|Any CPU
	EndGlobalSection
	GlobalSection(SolutionProperties) = preSolution
		HideSolutionNode = FALSE
	EndGlobalSection
	GlobalSection(ExtensibilityGlobals) = postSolution
		SolutionGuid = {9F3C9A7F-6AD8-48DD-931C-B72A7993C5F8}
	EndGlobalSection
EndGlobal
