
Microsoft Visual Studio Solution File, Format Version 12.00
# Visual Studio Version 17
VisualStudioVersion = 17.11.35327.3
MinimumVisualStudioVersion = 10.0.40219.1
Project("{FAE04EC0-301F-11D3-BF4B-00C04F79EFBC}") = "Mangement", "Mangement\Mangement.csproj", "{5DD9E986-B11C-46F0-9ED0-118AC7B318C2}"
EndProject
Project("{FAE04EC0-301F-11D3-BF4B-00C04F79EFBC}") = "DataAccess", "DataAccess\DataAccess.csproj", "{840990B3-98A0-4B14-9B8B-E58CB38099CC}"
EndProject
Project("{FAE04EC0-301F-11D3-BF4B-00C04F79EFBC}") = "Models", "Models\Models.csproj", "{A9CC1370-8E32-4CBB-BF5E-8E63D4C3BDA0}"
EndProject
Project("{FAE04EC0-301F-11D3-BF4B-00C04F79EFBC}") = "Service", "Service\Service.csproj", "{A7A9B4D0-8A5B-435F-B0A7-DB233356DDF1}"
EndProject
Project("{FAE04EC0-301F-11D3-BF4B-00C04F79EFBC}") = "Interface", "Interface\Interface.csproj", "{FDB27C60-925F-43EC-89C2-D8F23247D73D}"
EndProject
Global
	GlobalSection(SolutionConfigurationPlatforms) = preSolution
		Debug|Any CPU = Debug|Any CPU
		Release|Any CPU = Release|Any CPU
	EndGlobalSection
	GlobalSection(ProjectConfigurationPlatforms) = postSolution
		{5DD9E986-B11C-46F0-9ED0-118AC7B318C2}.Debug|Any CPU.ActiveCfg = Debug|Any CPU
		{5DD9E986-B11C-46F0-9ED0-118AC7B318C2}.Debug|Any CPU.Build.0 = Debug|Any CPU
		{5DD9E986-B11C-46F0-9ED0-118AC7B318C2}.Release|Any CPU.ActiveCfg = Release|Any CPU
		{5DD9E986-B11C-46F0-9ED0-118AC7B318C2}.Release|Any CPU.Build.0 = Release|Any CPU
		{840990B3-98A0-4B14-9B8B-E58CB38099CC}.Debug|Any CPU.ActiveCfg = Debug|Any CPU
		{840990B3-98A0-4B14-9B8B-E58CB38099CC}.Debug|Any CPU.Build.0 = Debug|Any CPU
		{840990B3-98A0-4B14-9B8B-E58CB38099CC}.Release|Any CPU.ActiveCfg = Release|Any CPU
		{840990B3-98A0-4B14-9B8B-E58CB38099CC}.Release|Any CPU.Build.0 = Release|Any CPU
		{A9CC1370-8E32-4CBB-BF5E-8E63D4C3BDA0}.Debug|Any CPU.ActiveCfg = Debug|Any CPU
		{A9CC1370-8E32-4CBB-BF5E-8E63D4C3BDA0}.Debug|Any CPU.Build.0 = Debug|Any CPU
		{A9CC1370-8E32-4CBB-BF5E-8E63D4C3BDA0}.Release|Any CPU.ActiveCfg = Release|Any CPU
		{A9CC1370-8E32-4CBB-BF5E-8E63D4C3BDA0}.Release|Any CPU.Build.0 = Release|Any CPU
		{A7A9B4D0-8A5B-435F-B0A7-DB233356DDF1}.Debug|Any CPU.ActiveCfg = Debug|Any CPU
		{A7A9B4D0-8A5B-435F-B0A7-DB233356DDF1}.Debug|Any CPU.Build.0 = Debug|Any CPU
		{A7A9B4D0-8A5B-435F-B0A7-DB233356DDF1}.Release|Any CPU.ActiveCfg = Release|Any CPU
		{A7A9B4D0-8A5B-435F-B0A7-DB233356DDF1}.Release|Any CPU.Build.0 = Release|Any CPU
		{FDB27C60-925F-43EC-89C2-D8F23247D73D}.Debug|Any CPU.ActiveCfg = Debug|Any CPU
		{FDB27C60-925F-43EC-89C2-D8F23247D73D}.Debug|Any CPU.Build.0 = Debug|Any CPU
		{FDB27C60-925F-43EC-89C2-D8F23247D73D}.Release|Any CPU.ActiveCfg = Release|Any CPU
		{FDB27C60-925F-43EC-89C2-D8F23247D73D}.Release|Any CPU.Build.0 = Release|Any CPU
	EndGlobalSection
	GlobalSection(SolutionProperties) = preSolution
		HideSolutionNode = FALSE
	EndGlobalSection
	GlobalSection(ExtensibilityGlobals) = postSolution
		SolutionGuid = {63ADBCE4-A361-4BF9-9992-69CDFB8BEAA4}
	EndGlobalSection
EndGlobal
